
Microsoft Visual Studio Solution File, Format Version 12.00
# Visual Studio Version 17
VisualStudioVersion = 17.14.36221.1 d17.14
MinimumVisualStudioVersion = 10.0.40219.1
Project("{FAE04EC0-301F-11D3-BF4B-00C04F79EFBC}") = "WPF", "WPF\WPF.csproj", "{1EEDD22D-F7A1-487C-ABC5-135F41D64246}"
EndProject
Global
	GlobalSection(SolutionConfigurationPlatforms) = preSolution
		Debug|Any CPU = Debug|Any CPU
		Release|Any CPU = Release|Any CPU
	EndGlobalSection
	GlobalSection(ProjectConfigurationPlatforms) = postSolution
		{1EEDD22D-F7A1-487C-ABC5-135F41D64246}.Debug|Any CPU.ActiveCfg = Debug|Any CPU
		{1EEDD22D-F7A1-487C-ABC5-135F41D64246}.Debug|Any CPU.Build.0 = Debug|Any CPU
		{1EEDD22D-F7A1-487C-ABC5-135F41D64246}.Release|Any CPU.ActiveCfg = Release|Any CPU
		{1EEDD22D-F7A1-487C-ABC5-135F41D64246}.Release|Any CPU.Build.0 = Release|Any CPU
	EndGlobalSection
	GlobalSection(SolutionProperties) = preSolution
		HideSolutionNode = FALSE
	EndGlobalSection
	GlobalSection(ExtensibilityGlobals) = postSolution
		SolutionGuid = {292F16C7-AD3F-41BC-9687-E82EB82DD7CD}
	EndGlobalSection
EndGlobal
